
Microsoft Visual Studio Solution File, Format Version 12.00
# Visual Studio Version 17
VisualStudioVersion = 17.0.32112.339
MinimumVisualStudioVersion = 10.0.40219.1
Project("{8BC9CEB8-8B4A-11D0-8D11-00A0C91BC942}") = "task3", "task3\task3.vcxproj", "{603594FD-4ED3-445C-B8B0-0D440B1E9CBD}"
EndProject
Global
	GlobalSection(SolutionConfigurationPlatforms) = preSolution
		Debug|x64 = Debug|x64
		Debug|x86 = Debug|x86
		Release|x64 = Release|x64
		Release|x86 = Release|x86
	EndGlobalSection
	GlobalSection(ProjectConfigurationPlatforms) = postSolution
		{603594FD-4ED3-445C-B8B0-0D440B1E9CBD}.Debug|x64.ActiveCfg = Debug|x64
		{603594FD-4ED3-445C-B8B0-0D440B1E9CBD}.Debug|x64.Build.0 = Debug|x64
		{603594FD-4ED3-445C-B8B0-0D440B1E9CBD}.Debug|x86.ActiveCfg = Debug|Win32
		{603594FD-4ED3-445C-B8B0-0D440B1E9CBD}.Debug|x86.Build.0 = Debug|Win32
		{603594FD-4ED3-445C-B8B0-0D440B1E9CBD}.Release|x64.ActiveCfg = Release|x64
		{603594FD-4ED3-445C-B8B0-0D440B1E9CBD}.Release|x64.Build.0 = Release|x64
		{603594FD-4ED3-445C-B8B0-0D440B1E9CBD}.Release|x86.ActiveCfg = Release|Win32
		{603594FD-4ED3-445C-B8B0-0D440B1E9CBD}.Release|x86.Build.0 = Release|Win32
	EndGlobalSection
	GlobalSection(SolutionProperties) = preSolution
		HideSolutionNode = FALSE
	EndGlobalSection
	GlobalSection(ExtensibilityGlobals) = postSolution
		SolutionGuid = {DFC6F65E-05C3-4233-8F20-583A2467BA2B}
	EndGlobalSection
EndGlobal
